
Microsoft Visual Studio Solution File, Format Version 12.00
# Visual Studio 2012
Project("{8BC9CEB8-8B4A-11D0-8D11-00A0C91BC942}") = "ConsoleApplication1", "ConsoleApplication1\ConsoleApplication1.vcxproj", "{2D250AB2-C0B1-4DAA-B93E-3AE4AB3D93AE}"
EndProject
Global
	GlobalSection(SolutionConfigurationPlatforms) = preSolution
		Debug|Win32 = Debug|Win32
		Release|Win32 = Release|Win32
	EndGlobalSection
	GlobalSection(ProjectConfigurationPlatforms) = postSolution
		{2D250AB2-C0B1-4DAA-B93E-3AE4AB3D93AE}.Debug|Win32.ActiveCfg = Debug|Win32
		{2D250AB2-C0B1-4DAA-B93E-3AE4AB3D93AE}.Debug|Win32.Build.0 = Debug|Win32
		{2D250AB2-C0B1-4DAA-B93E-3AE4AB3D93AE}.Release|Win32.ActiveCfg = Release|Win32
		{2D250AB2-C0B1-4DAA-B93E-3AE4AB3D93AE}.Release|Win32.Build.0 = Release|Win32
	EndGlobalSection
	GlobalSection(SolutionProperties) = preSolution
		HideSolutionNode = FALSE
	EndGlobalSection
EndGlobal
